// !$*UTF8*$!
{
	archiveVersion = 1;
	classes = {
	};
	objectVersion = 50;
	objects = {

/* Begin PBXBuildFile section */
		D974EA9126BAA4C700B8E7D3 /* ChildListApp.swift in Sources */ = {isa = PBXBuildFile; fileRef = D974EA9026BAA4C700B8E7D3 /* ChildListApp.swift */; };
		D974EA9326BAA4C700B8E7D3 /* ContentView.swift in Sources */ = {isa = PBXBuildFile; fileRef = D974EA9226BAA4C700B8E7D3 /* ContentView.swift */; };
		D974EA9526BAA4C900B8E7D3 /* Assets.xcassets in Resources */ = {isa = PBXBuildFile; fileRef = D974EA9426BAA4C900B8E7D3 /* Assets.xcassets */; };
		D974EA9826BAA4C900B8E7D3 /* Preview Assets.xcassets in Resources */ = {isa = PBXBuildFile; fileRef = D974EA9726BAA4C900B8E7D3 /* Preview Assets.xcassets */; };
		D974EAA226BAA9A100B8E7D3 /* Parent.swift in Sources */ = {isa = PBXBuildFile; fileRef = D974EAA126BAA9A100B8E7D3 /* Parent.swift */; };
		D974EAA526BAAABC00B8E7D3 /* ParentView.swift in Sources */ = {isa = PBXBuildFile; fileRef = D974EAA426BAAABC00B8E7D3 /* ParentView.swift */; };
		D974EAAB26BB1A6400B8E7D3 /* ImagePicker.swift in Sources */ = {isa = PBXBuildFile; fileRef = D974EAAA26BB1A6400B8E7D3 /* ImagePicker.swift */; };
		D974EAAE26BB2F9F00B8E7D3 /* DataManager.swift in Sources */ = {isa = PBXBuildFile; fileRef = D974EAAD26BB2F9F00B8E7D3 /* DataManager.swift */; };
		D974EAB026BC738800B8E7D3 /* ChildView.swift in Sources */ = {isa = PBXBuildFile; fileRef = D974EAAF26BC738800B8E7D3 /* ChildView.swift */; };
		D974EAB226BC73EC00B8E7D3 /* Child.swift in Sources */ = {isa = PBXBuildFile; fileRef = D974EAB126BC73EC00B8E7D3 /* Child.swift */; };
		D974EAB426BC783400B8E7D3 /* PersonsManager.swift in Sources */ = {isa = PBXBuildFile; fileRef = D974EAB326BC783400B8E7D3 /* PersonsManager.swift */; };
		D974EAB626BC79BB00B8E7D3 /* AddChildButtonView.swift in Sources */ = {isa = PBXBuildFile; fileRef = D974EAB526BC79BB00B8E7D3 /* AddChildButtonView.swift */; };
		D974EAB826BC810D00B8E7D3 /* TestView.swift in Sources */ = {isa = PBXBuildFile; fileRef = D974EAB726BC810D00B8E7D3 /* TestView.swift */; };
		D974EABA26BC9AED00B8E7D3 /* ChildManager.swift in Sources */ = {isa = PBXBuildFile; fileRef = D974EAB926BC9AED00B8E7D3 /* ChildManager.swift */; };
		D974EAC226BDA29900B8E7D3 /* test2View.swift in Sources */ = {isa = PBXBuildFile; fileRef = D974EAC126BDA29900B8E7D3 /* test2View.swift */; };
/* End PBXBuildFile section */

/* Begin PBXFileReference section */
		D974EA8D26BAA4C700B8E7D3 /* ChildList.app */ = {isa = PBXFileReference; explicitFileType = wrapper.application; includeInIndex = 0; path = ChildList.app; sourceTree = BUILT_PRODUCTS_DIR; };
		D974EA9026BAA4C700B8E7D3 /* ChildListApp.swift */ = {isa = PBXFileReference; lastKnownFileType = sourcecode.swift; path = ChildListApp.swift; sourceTree = "<group>"; };
		D974EA9226BAA4C700B8E7D3 /* ContentView.swift */ = {isa = PBXFileReference; lastKnownFileType = sourcecode.swift; path = ContentView.swift; sourceTree = "<group>"; };
		D974EA9426BAA4C900B8E7D3 /* Assets.xcassets */ = {isa = PBXFileReference; lastKnownFileType = folder.assetcatalog; path = Assets.xcassets; sourceTree = "<group>"; };
		D974EA9726BAA4C900B8E7D3 /* Preview Assets.xcassets */ = {isa = PBXFileReference; lastKnownFileType = folder.assetcatalog; path = "Preview Assets.xcassets"; sourceTree = "<group>"; };
		D974EA9926BAA4C900B8E7D3 /* Info.plist */ = {isa = PBXFileReference; lastKnownFileType = text.plist.xml; path = Info.plist; sourceTree = "<group>"; };
		D974EAA126BAA9A100B8E7D3 /* Parent.swift */ = {isa = PBXFileReference; fileEncoding = 4; lastKnownFileType = sourcecode.swift; path = Parent.swift; sourceTree = "<group>"; };
		D974EAA426BAAABC00B8E7D3 /* ParentView.swift */ = {isa = PBXFileReference; lastKnownFileType = sourcecode.swift; path = ParentView.swift; sourceTree = "<group>"; };
		D974EAAA26BB1A6400B8E7D3 /* ImagePicker.swift */ = {isa = PBXFileReference; lastKnownFileType = sourcecode.swift; path = ImagePicker.swift; sourceTree = "<group>"; };
		D974EAAD26BB2F9F00B8E7D3 /* DataManager.swift */ = {isa = PBXFileReference; lastKnownFileType = sourcecode.swift; path = DataManager.swift; sourceTree = "<group>"; };
		D974EAAF26BC738800B8E7D3 /* ChildView.swift */ = {isa = PBXFileReference; lastKnownFileType = sourcecode.swift; path = ChildView.swift; sourceTree = "<group>"; };
		D974EAB126BC73EC00B8E7D3 /* Child.swift */ = {isa = PBXFileReference; lastKnownFileType = sourcecode.swift; path = Child.swift; sourceTree = "<group>"; };
		D974EAB326BC783400B8E7D3 /* PersonsManager.swift */ = {isa = PBXFileReference; lastKnownFileType = sourcecode.swift; path = PersonsManager.swift; sourceTree = "<group>"; };
		D974EAB526BC79BB00B8E7D3 /* AddChildButtonView.swift */ = {isa = PBXFileReference; lastKnownFileType = sourcecode.swift; path = AddChildButtonView.swift; sourceTree = "<group>"; };
		D974EAB726BC810D00B8E7D3 /* TestView.swift */ = {isa = PBXFileReference; lastKnownFileType = sourcecode.swift; path = TestView.swift; sourceTree = "<group>"; };
		D974EAB926BC9AED00B8E7D3 /* ChildManager.swift */ = {isa = PBXFileReference; lastKnownFileType = sourcecode.swift; path = ChildManager.swift; sourceTree = "<group>"; };
		D974EAC126BDA29900B8E7D3 /* test2View.swift */ = {isa = PBXFileReference; lastKnownFileType = sourcecode.swift; path = test2View.swift; sourceTree = "<group>"; };
/* End PBXFileReference section */

/* Begin PBXFrameworksBuildPhase section */
		D974EA8A26BAA4C700B8E7D3 /* Frameworks */ = {
			isa = PBXFrameworksBuildPhase;
			buildActionMask = 2147483647;
			files = (
			);
			runOnlyForDeploymentPostprocessing = 0;
		};
/* End PBXFrameworksBuildPhase section */

/* Begin PBXGroup section */
		D974EA8426BAA4C700B8E7D3 = {
			isa = PBXGroup;
			children = (
				D974EA8F26BAA4C700B8E7D3 /* ChildList */,
				D974EA8E26BAA4C700B8E7D3 /* Products */,
			);
			sourceTree = "<group>";
		};
		D974EA8E26BAA4C700B8E7D3 /* Products */ = {
			isa = PBXGroup;
			children = (
				D974EA8D26BAA4C700B8E7D3 /* ChildList.app */,
			);
			name = Products;
			sourceTree = "<group>";
		};
		D974EA8F26BAA4C700B8E7D3 /* ChildList */ = {
			isa = PBXGroup;
			children = (
				D974EA9026BAA4C700B8E7D3 /* ChildListApp.swift */,
				D974EA9226BAA4C700B8E7D3 /* ContentView.swift */,
				D974EAA626BAAAC200B8E7D3 /* Views */,
				D974EAA326BAAA6100B8E7D3 /* Models */,
				D974EAAC26BB287D00B8E7D3 /* Helpers */,
				D974EA9426BAA4C900B8E7D3 /* Assets.xcassets */,
				D974EA9926BAA4C900B8E7D3 /* Info.plist */,
				D974EA9626BAA4C900B8E7D3 /* Preview Content */,
			);
			path = ChildList;
			sourceTree = "<group>";
		};
		D974EA9626BAA4C900B8E7D3 /* Preview Content */ = {
			isa = PBXGroup;
			children = (
				D974EA9726BAA4C900B8E7D3 /* Preview Assets.xcassets */,
			);
			path = "Preview Content";
			sourceTree = "<group>";
		};
		D974EAA326BAAA6100B8E7D3 /* Models */ = {
			isa = PBXGroup;
			children = (
				D974EAA126BAA9A100B8E7D3 /* Parent.swift */,
				D974EAB326BC783400B8E7D3 /* PersonsManager.swift */,
				D974EAB126BC73EC00B8E7D3 /* Child.swift */,
			);
			path = Models;
			sourceTree = "<group>";
		};
		D974EAA626BAAAC200B8E7D3 /* Views */ = {
			isa = PBXGroup;
			children = (
				D974EAA426BAAABC00B8E7D3 /* ParentView.swift */,
				D974EAB526BC79BB00B8E7D3 /* AddChildButtonView.swift */,
				D974EAAF26BC738800B8E7D3 /* ChildView.swift */,
				D974EAB726BC810D00B8E7D3 /* TestView.swift */,
				D974EAC126BDA29900B8E7D3 /* test2View.swift */,
			);
			path = Views;
			sourceTree = "<group>";
		};
		D974EAAC26BB287D00B8E7D3 /* Helpers */ = {
			isa = PBXGroup;
			children = (
				D974EAAA26BB1A6400B8E7D3 /* ImagePicker.swift */,
				D974EAAD26BB2F9F00B8E7D3 /* DataManager.swift */,
				D974EAB926BC9AED00B8E7D3 /* ChildManager.swift */,
			);
			path = Helpers;
			sourceTree = "<group>";
		};
/* End PBXGroup section */

/* Begin PBXNativeTarget section */
		D974EA8C26BAA4C700B8E7D3 /* ChildList */ = {
			isa = PBXNativeTarget;
			buildConfigurationList = D974EA9C26BAA4C900B8E7D3 /* Build configuration list for PBXNativeTarget "ChildList" */;
			buildPhases = (
				D974EA8926BAA4C700B8E7D3 /* Sources */,
				D974EA8A26BAA4C700B8E7D3 /* Frameworks */,
				D974EA8B26BAA4C700B8E7D3 /* Resources */,
			);
			buildRules = (
			);
			dependencies = (
			);
			name = ChildList;
			productName = ChildList;
			productReference = D974EA8D26BAA4C700B8E7D3 /* ChildList.app */;
			productType = "com.apple.product-type.application";
		};
/* End PBXNativeTarget section */

/* Begin PBXProject section */
		D974EA8526BAA4C700B8E7D3 /* Project object */ = {
			isa = PBXProject;
			attributes = {
				LastSwiftUpdateCheck = 1250;
				LastUpgradeCheck = 1250;
				TargetAttributes = {
					D974EA8C26BAA4C700B8E7D3 = {
						CreatedOnToolsVersion = 12.5.1;
					};
				};
			};
			buildConfigurationList = D974EA8826BAA4C700B8E7D3 /* Build configuration list for PBXProject "ChildList" */;
			compatibilityVersion = "Xcode 9.3";
			developmentRegion = en;
			hasScannedForEncodings = 0;
			knownRegions = (
				en,
				Base,
			);
			mainGroup = D974EA8426BAA4C700B8E7D3;
			productRefGroup = D974EA8E26BAA4C700B8E7D3 /* Products */;
			projectDirPath = "";
			projectRoot = "";
			targets = (
				D974EA8C26BAA4C700B8E7D3 /* ChildList */,
			);
		};
/* End PBXProject section */

/* Begin PBXResourcesBuildPhase section */
		D974EA8B26BAA4C700B8E7D3 /* Resources */ = {
			isa = PBXResourcesBuildPhase;
			buildActionMask = 2147483647;
			files = (
				D974EA9826BAA4C900B8E7D3 /* Preview Assets.xcassets in Resources */,
				D974EA9526BAA4C900B8E7D3 /* Assets.xcassets in Resources */,
			);
			runOnlyForDeploymentPostprocessing = 0;
		};
/* End PBXResourcesBuildPhase section */

/* Begin PBXSourcesBuildPhase section */
		D974EA8926BAA4C700B8E7D3 /* Sources */ = {
			isa = PBXSourcesBuildPhase;
			buildActionMask = 2147483647;
			files = (
				D974EAB426BC783400B8E7D3 /* PersonsManager.swift in Sources */,
				D974EAB226BC73EC00B8E7D3 /* Child.swift in Sources */,
				D974EAC226BDA29900B8E7D3 /* test2View.swift in Sources */,
				D974EAB826BC810D00B8E7D3 /* TestView.swift in Sources */,
				D974EAA226BAA9A100B8E7D3 /* Parent.swift in Sources */,
				D974EABA26BC9AED00B8E7D3 /* ChildManager.swift in Sources */,
				D974EAB026BC738800B8E7D3 /* ChildView.swift in Sources */,
				D974EA9326BAA4C700B8E7D3 /* ContentView.swift in Sources */,
				D974EAB626BC79BB00B8E7D3 /* AddChildButtonView.swift in Sources */,
				D974EAAE26BB2F9F00B8E7D3 /* DataManager.swift in Sources */,
				D974EAAB26BB1A6400B8E7D3 /* ImagePicker.swift in Sources */,
				D974EA9126BAA4C700B8E7D3 /* ChildListApp.swift in Sources */,
				D974EAA526BAAABC00B8E7D3 /* ParentView.swift in Sources */,
			);
			runOnlyForDeploymentPostprocessing = 0;
		};
/* End PBXSourcesBuildPhase section */

/* Begin XCBuildConfiguration section */
		D974EA9A26BAA4C900B8E7D3 /* Debug */ = {
			isa = XCBuildConfiguration;
			buildSettings = {
				ALWAYS_SEARCH_USER_PATHS = NO;
				CLANG_ANALYZER_NONNULL = YES;
				CLANG_ANALYZER_NUMBER_OBJECT_CONVERSION = YES_AGGRESSIVE;
				CLANG_CXX_LANGUAGE_STANDARD = "gnu++14";
				CLANG_CXX_LIBRARY = "libc++";
				CLANG_ENABLE_MODULES = YES;
				CLANG_ENABLE_OBJC_ARC = YES;
				CLANG_ENABLE_OBJC_WEAK = YES;
				CLANG_WARN_BLOCK_CAPTURE_AUTORELEASING = YES;
				CLANG_WARN_BOOL_CONVERSION = YES;
				CLANG_WARN_COMMA = YES;
				CLANG_WARN_CONSTANT_CONVERSION = YES;
				CLANG_WARN_DEPRECATED_OBJC_IMPLEMENTATIONS = YES;
				CLANG_WARN_DIRECT_OBJC_ISA_USAGE = YES_ERROR;
				CLANG_WARN_DOCUMENTATION_COMMENTS = YES;
				CLANG_WARN_EMPTY_BODY = YES;
				CLANG_WARN_ENUM_CONVERSION = YES;
				CLANG_WARN_INFINITE_RECURSION = YES;
				CLANG_WARN_INT_CONVERSION = YES;
				CLANG_WARN_NON_LITERAL_NULL_CONVERSION = YES;
				CLANG_WARN_OBJC_IMPLICIT_RETAIN_SELF = YES;
				CLANG_WARN_OBJC_LITERAL_CONVERSION = YES;
				CLANG_WARN_OBJC_ROOT_CLASS = YES_ERROR;
				CLANG_WARN_QUOTED_INCLUDE_IN_FRAMEWORK_HEADER = YES;
				CLANG_WARN_RANGE_LOOP_ANALYSIS = YES;
				CLANG_WARN_STRICT_PROTOTYPES = YES;
				CLANG_WARN_SUSPICIOUS_MOVE = YES;
				CLANG_WARN_UNGUARDED_AVAILABILITY = YES_AGGRESSIVE;
				CLANG_WARN_UNREACHABLE_CODE = YES;
				CLANG_WARN__DUPLICATE_METHOD_MATCH = YES;
				COPY_PHASE_STRIP = NO;
				DEBUG_INFORMATION_FORMAT = dwarf;
				ENABLE_STRICT_OBJC_MSGSEND = YES;
				ENABLE_TESTABILITY = YES;
				GCC_C_LANGUAGE_STANDARD = gnu11;
				GCC_DYNAMIC_NO_PIC = NO;
				GCC_NO_COMMON_BLOCKS = YES;
				GCC_OPTIMIZATION_LEVEL = 0;
				GCC_PREPROCESSOR_DEFINITIONS = (
					"DEBUG=1",
					"$(inherited)",
				);
				GCC_WARN_64_TO_32_BIT_CONVERSION = YES;
				GCC_WARN_ABOUT_RETURN_TYPE = YES_ERROR;
				GCC_WARN_UNDECLARED_SELECTOR = YES;
				GCC_WARN_UNINITIALIZED_AUTOS = YES_AGGRESSIVE;
				GCC_WARN_UNUSED_FUNCTION = YES;
				GCC_WARN_UNUSED_VARIABLE = YES;
				IPHONEOS_DEPLOYMENT_TARGET = 14.5;
				MTL_ENABLE_DEBUG_INFO = INCLUDE_SOURCE;
				MTL_FAST_MATH = YES;
				ONLY_ACTIVE_ARCH = YES;
				SDKROOT = iphoneos;
				SWIFT_ACTIVE_COMPILATION_CONDITIONS = DEBUG;
				SWIFT_OPTIMIZATION_LEVEL = "-Onone";
			};
			name = Debug;
		};
		D974EA9B26BAA4C900B8E7D3 /* Release */ = {
			isa = XCBuildConfiguration;
			buildSettings = {
				ALWAYS_SEARCH_USER_PATHS = NO;
				CLANG_ANALYZER_NONNULL = YES;
				CLANG_ANALYZER_NUMBER_OBJECT_CONVERSION = YES_AGGRESSIVE;
				CLANG_CXX_LANGUAGE_STANDARD = "gnu++14";
				CLANG_CXX_LIBRARY = "libc++";
				CLANG_ENABLE_MODULES = YES;
				CLANG_ENABLE_OBJC_ARC = YES;
				CLANG_ENABLE_OBJC_WEAK = YES;
				CLANG_WARN_BLOCK_CAPTURE_AUTORELEASING = YES;
				CLANG_WARN_BOOL_CONVERSION = YES;
				CLANG_WARN_COMMA = YES;
				CLANG_WARN_CONSTANT_CONVERSION = YES;
				CLANG_WARN_DEPRECATED_OBJC_IMPLEMENTATIONS = YES;
				CLANG_WARN_DIRECT_OBJC_ISA_USAGE = YES_ERROR;
				CLANG_WARN_DOCUMENTATION_COMMENTS = YES;
				CLANG_WARN_EMPTY_BODY = YES;
				CLANG_WARN_ENUM_CONVERSION = YES;
				CLANG_WARN_INFINITE_RECURSION = YES;
				CLANG_WARN_INT_CONVERSION = YES;
				CLANG_WARN_NON_LITERAL_NULL_CONVERSION = YES;
				CLANG_WARN_OBJC_IMPLICIT_RETAIN_SELF = YES;
				CLANG_WARN_OBJC_LITERAL_CONVERSION = YES;
				CLANG_WARN_OBJC_ROOT_CLASS = YES_ERROR;
				CLANG_WARN_QUOTED_INCLUDE_IN_FRAMEWORK_HEADER = YES;
				CLANG_WARN_RANGE_LOOP_ANALYSIS = YES;
				CLANG_WARN_STRICT_PROTOTYPES = YES;
				CLANG_WARN_SUSPICIOUS_MOVE = YES;
				CLANG_WARN_UNGUARDED_AVAILABILITY = YES_AGGRESSIVE;
				CLANG_WARN_UNREACHABLE_CODE = YES;
				CLANG_WARN__DUPLICATE_METHOD_MATCH = YES;
				COPY_PHASE_STRIP = NO;
				DEBUG_INFORMATION_FORMAT = "dwarf-with-dsym";
				ENABLE_NS_ASSERTIONS = NO;
				ENABLE_STRICT_OBJC_MSGSEND = YES;
				GCC_C_LANGUAGE_STANDARD = gnu11;
				GCC_NO_COMMON_BLOCKS = YES;
				GCC_WARN_64_TO_32_BIT_CONVERSION = YES;
				GCC_WARN_ABOUT_RETURN_TYPE = YES_ERROR;
				GCC_WARN_UNDECLARED_SELECTOR = YES;
				GCC_WARN_UNINITIALIZED_AUTOS = YES_AGGRESSIVE;
				GCC_WARN_UNUSED_FUNCTION = YES;
				GCC_WARN_UNUSED_VARIABLE = YES;
				IPHONEOS_DEPLOYMENT_TARGET = 14.5;
				MTL_ENABLE_DEBUG_INFO = NO;
				MTL_FAST_MATH = YES;
				SDKROOT = iphoneos;
				SWIFT_COMPILATION_MODE = wholemodule;
				SWIFT_OPTIMIZATION_LEVEL = "-O";
				VALIDATE_PRODUCT = YES;
			};
			name = Release;
		};
		D974EA9D26BAA4C900B8E7D3 /* Debug */ = {
			isa = XCBuildConfiguration;
			buildSettings = {
				ASSETCATALOG_COMPILER_APPICON_NAME = AppIcon;
				ASSETCATALOG_COMPILER_GLOBAL_ACCENT_COLOR_NAME = AccentColor;
				CODE_SIGN_STYLE = Automatic;
				DEVELOPMENT_ASSET_PATHS = "\"ChildList/Preview Content\"";
				DEVELOPMENT_TEAM = 55MCT9R6B9;
				ENABLE_PREVIEWS = YES;
				INFOPLIST_FILE = ChildList/Info.plist;
				IPHONEOS_DEPLOYMENT_TARGET = 14.0;
				LD_RUNPATH_SEARCH_PATHS = (
					"$(inherited)",
					"@executable_path/Frameworks",
				);
				PRODUCT_BUNDLE_IDENTIFIER = com.VasPet.ChildList;
				PRODUCT_NAME = "$(TARGET_NAME)";
				SWIFT_VERSION = 5.0;
				TARGETED_DEVICE_FAMILY = "1,2";
			};
			name = Debug;
		};
		D974EA9E26BAA4C900B8E7D3 /* Release */ = {
			isa = XCBuildConfiguration;
			buildSettings = {
				ASSETCATALOG_COMPILER_APPICON_NAME = AppIcon;
				ASSETCATALOG_COMPILER_GLOBAL_ACCENT_COLOR_NAME = AccentColor;
				CODE_SIGN_STYLE = Automatic;
				DEVELOPMENT_ASSET_PATHS = "\"ChildList/Preview Content\"";
				DEVELOPMENT_TEAM = 55MCT9R6B9;
				ENABLE_PREVIEWS = YES;
				INFOPLIST_FILE = ChildList/Info.plist;
				IPHONEOS_DEPLOYMENT_TARGET = 14.0;
				LD_RUNPATH_SEARCH_PATHS = (
					"$(inherited)",
					"@executable_path/Frameworks",
				);
				PRODUCT_BUNDLE_IDENTIFIER = com.VasPet.ChildList;
				PRODUCT_NAME = "$(TARGET_NAME)";
				SWIFT_VERSION = 5.0;
				TARGETED_DEVICE_FAMILY = "1,2";
			};
			name = Release;
		};
/* End XCBuildConfiguration section */

/* Begin XCConfigurationList section */
		D974EA8826BAA4C700B8E7D3 /* Build configuration list for PBXProject "ChildList" */ = {
			isa = XCConfigurationList;
			buildConfigurations = (
				D974EA9A26BAA4C900B8E7D3 /* Debug */,
				D974EA9B26BAA4C900B8E7D3 /* Release */,
			);
			defaultConfigurationIsVisible = 0;
			defaultConfigurationName = Release;
		};
		D974EA9C26BAA4C900B8E7D3 /* Build configuration list for PBXNativeTarget "ChildList" */ = {
			isa = XCConfigurationList;
			buildConfigurations = (
				D974EA9D26BAA4C900B8E7D3 /* Debug */,
				D974EA9E26BAA4C900B8E7D3 /* Release */,
			);
			defaultConfigurationIsVisible = 0;
			defaultConfigurationName = Release;
		};
/* End XCConfigurationList section */
	};
	rootObject = D974EA8526BAA4C700B8E7D3 /* Project object */;
}
